{
  "name": "https-github.com-kalviumcommunity-ridiculously-specific-phobias",
  "version": "1.0.0",
  "lockfileVersion": 3,
  "requires": true,
  "packages": {
    "": {
      "name": "https-github.com-kalviumcommunity-ridiculously-specific-phobias",
      "version": "1.0.0",
      "license": "ISC"
    }
  }
}
